// !$*UTF8*$!
{
	archiveVersion = 1;
	classes = {
	};
	objectVersion = 50;
	objects = {

/* Begin PBXBuildFile section */
		244FEEF62626080A00887D29 /* Assets.xcassets in Resources */ = {isa = PBXBuildFile; fileRef = 244FEEF52626080A00887D29 /* Assets.xcassets */; };
		244FEEF92626080A00887D29 /* Preview Assets.xcassets in Resources */ = {isa = PBXBuildFile; fileRef = 244FEEF82626080A00887D29 /* Preview Assets.xcassets */; };
		244FEF242626084900887D29 /* MockEntity.swift in Sources */ = {isa = PBXBuildFile; fileRef = 244FEF232626084900887D29 /* MockEntity.swift */; };
		244FEF2C2626086700887D29 /* MyAccountViewModel.swift in Sources */ = {isa = PBXBuildFile; fileRef = 244FEF2B2626086700887D29 /* MyAccountViewModel.swift */; };
		244FEF312626089100887D29 /* MockEntities.swift in Sources */ = {isa = PBXBuildFile; fileRef = 244FEF302626089100887D29 /* MockEntities.swift */; };
		249787CA2628790B006CA044 /* ContentView.swift in Sources */ = {isa = PBXBuildFile; fileRef = 244FEEF32626080900887D29 /* ContentView.swift */; };
		249787D126287CE1006CA044 /* SwiftUIUnitTestDemoApp.swift in Sources */ = {isa = PBXBuildFile; fileRef = 244FEEF12626080900887D29 /* SwiftUIUnitTestDemoApp.swift */; };
		24E6870926288D5D00369305 /* SwiftUIUnitTestDemoTests.swift in Sources */ = {isa = PBXBuildFile; fileRef = 24E6870826288D5D00369305 /* SwiftUIUnitTestDemoTests.swift */; };
/* End PBXBuildFile section */

/* Begin PBXContainerItemProxy section */
		24E6870B26288D5D00369305 /* PBXContainerItemProxy */ = {
			isa = PBXContainerItemProxy;
			containerPortal = 244FEEE62626080900887D29 /* Project object */;
			proxyType = 1;
			remoteGlobalIDString = 244FEEED2626080900887D29;
			remoteInfo = SwiftUIUnitTestDemo;
		};
/* End PBXContainerItemProxy section */

/* Begin PBXFileReference section */
		244FEEEE2626080900887D29 /* SwiftUIUnitTestDemo.app */ = {isa = PBXFileReference; explicitFileType = wrapper.application; includeInIndex = 0; path = SwiftUIUnitTestDemo.app; sourceTree = BUILT_PRODUCTS_DIR; };
		244FEEF12626080900887D29 /* SwiftUIUnitTestDemoApp.swift */ = {isa = PBXFileReference; lastKnownFileType = sourcecode.swift; path = SwiftUIUnitTestDemoApp.swift; sourceTree = "<group>"; };
		244FEEF32626080900887D29 /* ContentView.swift */ = {isa = PBXFileReference; lastKnownFileType = sourcecode.swift; path = ContentView.swift; sourceTree = "<group>"; };
		244FEEF52626080A00887D29 /* Assets.xcassets */ = {isa = PBXFileReference; lastKnownFileType = folder.assetcatalog; path = Assets.xcassets; sourceTree = "<group>"; };
		244FEEF82626080A00887D29 /* Preview Assets.xcassets */ = {isa = PBXFileReference; lastKnownFileType = folder.assetcatalog; path = "Preview Assets.xcassets"; sourceTree = "<group>"; };
		244FEEFA2626080A00887D29 /* Info.plist */ = {isa = PBXFileReference; lastKnownFileType = text.plist.xml; path = Info.plist; sourceTree = "<group>"; };
		244FEF032626080B00887D29 /* SwiftUIUnitTestDemoTests.swift */ = {isa = PBXFileReference; lastKnownFileType = sourcecode.swift; path = SwiftUIUnitTestDemoTests.swift; sourceTree = "<group>"; };
		244FEF052626080B00887D29 /* Info.plist */ = {isa = PBXFileReference; lastKnownFileType = text.plist.xml; path = Info.plist; sourceTree = "<group>"; };
		244FEF0E2626080B00887D29 /* SwiftUIUnitTestDemoUITests.swift */ = {isa = PBXFileReference; lastKnownFileType = sourcecode.swift; path = SwiftUIUnitTestDemoUITests.swift; sourceTree = "<group>"; };
		244FEF102626080B00887D29 /* Info.plist */ = {isa = PBXFileReference; lastKnownFileType = text.plist.xml; path = Info.plist; sourceTree = "<group>"; };
		244FEF232626084900887D29 /* MockEntity.swift */ = {isa = PBXFileReference; lastKnownFileType = sourcecode.swift; path = MockEntity.swift; sourceTree = "<group>"; };
		244FEF2B2626086700887D29 /* MyAccountViewModel.swift */ = {isa = PBXFileReference; lastKnownFileType = sourcecode.swift; path = MyAccountViewModel.swift; sourceTree = "<group>"; };
		244FEF302626089100887D29 /* MockEntities.swift */ = {isa = PBXFileReference; lastKnownFileType = sourcecode.swift; path = MockEntities.swift; sourceTree = "<group>"; };
		24E6870626288D5D00369305 /* SwiftUIUnitTestDemoTests.xctest */ = {isa = PBXFileReference; explicitFileType = wrapper.cfbundle; includeInIndex = 0; path = SwiftUIUnitTestDemoTests.xctest; sourceTree = BUILT_PRODUCTS_DIR; };
		24E6870826288D5D00369305 /* SwiftUIUnitTestDemoTests.swift */ = {isa = PBXFileReference; lastKnownFileType = sourcecode.swift; path = SwiftUIUnitTestDemoTests.swift; sourceTree = "<group>"; };
		24E6870A26288D5D00369305 /* Info.plist */ = {isa = PBXFileReference; lastKnownFileType = text.plist.xml; path = Info.plist; sourceTree = "<group>"; };
/* End PBXFileReference section */

/* Begin PBXFrameworksBuildPhase section */
		244FEEEB2626080900887D29 /* Frameworks */ = {
			isa = PBXFrameworksBuildPhase;
			buildActionMask = 2147483647;
			files = (
			);
			runOnlyForDeploymentPostprocessing = 0;
		};
		24E6870326288D5D00369305 /* Frameworks */ = {
			isa = PBXFrameworksBuildPhase;
			buildActionMask = 2147483647;
			files = (
			);
			runOnlyForDeploymentPostprocessing = 0;
		};
/* End PBXFrameworksBuildPhase section */

/* Begin PBXGroup section */
		244FEEE52626080900887D29 = {
			isa = PBXGroup;
			children = (
				244FEEF02626080900887D29 /* SwiftUIUnitTestDemo */,
				244FEF022626080B00887D29 /* SwiftUIUnitTestDemoTests */,
				244FEF0D2626080B00887D29 /* SwiftUIUnitTestDemoUITests */,
				24E6870726288D5D00369305 /* SwiftUIUnitTestDemoTests */,
				244FEEEF2626080900887D29 /* Products */,
				24EAF07D262885450050B570 /* Frameworks */,
			);
			sourceTree = "<group>";
		};
		244FEEEF2626080900887D29 /* Products */ = {
			isa = PBXGroup;
			children = (
				244FEEEE2626080900887D29 /* SwiftUIUnitTestDemo.app */,
				24E6870626288D5D00369305 /* SwiftUIUnitTestDemoTests.xctest */,
			);
			name = Products;
			sourceTree = "<group>";
		};
		244FEEF02626080900887D29 /* SwiftUIUnitTestDemo */ = {
			isa = PBXGroup;
			children = (
				244FEF222626082F00887D29 /* Model */,
				244FEF212626082A00887D29 /* View */,
				244FEF202626082400887D29 /* View Model */,
				244FEF1F2626081E00887D29 /* Mocks */,
				244FEEF12626080900887D29 /* SwiftUIUnitTestDemoApp.swift */,
				244FEEF52626080A00887D29 /* Assets.xcassets */,
				244FEEFA2626080A00887D29 /* Info.plist */,
				244FEEF72626080A00887D29 /* Preview Content */,
			);
			path = SwiftUIUnitTestDemo;
			sourceTree = "<group>";
		};
		244FEEF72626080A00887D29 /* Preview Content */ = {
			isa = PBXGroup;
			children = (
				244FEEF82626080A00887D29 /* Preview Assets.xcassets */,
			);
			path = "Preview Content";
			sourceTree = "<group>";
		};
		244FEF022626080B00887D29 /* SwiftUIUnitTestDemoTests */ = {
			isa = PBXGroup;
			children = (
				244FEF032626080B00887D29 /* SwiftUIUnitTestDemoTests.swift */,
				244FEF052626080B00887D29 /* Info.plist */,
			);
			path = SwiftUIUnitTestDemoTests;
			sourceTree = "<group>";
		};
		244FEF0D2626080B00887D29 /* SwiftUIUnitTestDemoUITests */ = {
			isa = PBXGroup;
			children = (
				244FEF0E2626080B00887D29 /* SwiftUIUnitTestDemoUITests.swift */,
				244FEF102626080B00887D29 /* Info.plist */,
			);
			path = SwiftUIUnitTestDemoUITests;
			sourceTree = "<group>";
		};
		244FEF1F2626081E00887D29 /* Mocks */ = {
			isa = PBXGroup;
			children = (
				244FEF302626089100887D29 /* MockEntities.swift */,
			);
			path = Mocks;
			sourceTree = "<group>";
		};
		244FEF202626082400887D29 /* View Model */ = {
			isa = PBXGroup;
			children = (
				244FEF2B2626086700887D29 /* MyAccountViewModel.swift */,
			);
			path = "View Model";
			sourceTree = "<group>";
		};
		244FEF212626082A00887D29 /* View */ = {
			isa = PBXGroup;
			children = (
				244FEEF32626080900887D29 /* ContentView.swift */,
			);
			path = View;
			sourceTree = "<group>";
		};
		244FEF222626082F00887D29 /* Model */ = {
			isa = PBXGroup;
			children = (
				244FEF232626084900887D29 /* MockEntity.swift */,
			);
			path = Model;
			sourceTree = "<group>";
		};
		24E6870726288D5D00369305 /* SwiftUIUnitTestDemoTests */ = {
			isa = PBXGroup;
			children = (
				24E6870826288D5D00369305 /* SwiftUIUnitTestDemoTests.swift */,
				24E6870A26288D5D00369305 /* Info.plist */,
			);
			path = SwiftUIUnitTestDemoTests;
			sourceTree = "<group>";
		};
		24EAF07D262885450050B570 /* Frameworks */ = {
			isa = PBXGroup;
			children = (
			);
			name = Frameworks;
			sourceTree = "<group>";
		};
/* End PBXGroup section */

/* Begin PBXNativeTarget section */
		244FEEED2626080900887D29 /* SwiftUIUnitTestDemo */ = {
			isa = PBXNativeTarget;
			buildConfigurationList = 244FEF132626080B00887D29 /* Build configuration list for PBXNativeTarget "SwiftUIUnitTestDemo" */;
			buildPhases = (
				244FEEEA2626080900887D29 /* Sources */,
				244FEEEB2626080900887D29 /* Frameworks */,
				244FEEEC2626080900887D29 /* Resources */,
			);
			buildRules = (
			);
			dependencies = (
			);
			name = SwiftUIUnitTestDemo;
			packageProductDependencies = (
			);
			productName = SwiftUIUnitTestDemo;
			productReference = 244FEEEE2626080900887D29 /* SwiftUIUnitTestDemo.app */;
			productType = "com.apple.product-type.application";
		};
		24E6870526288D5D00369305 /* SwiftUIUnitTestDemoTests */ = {
			isa = PBXNativeTarget;
			buildConfigurationList = 24E6870D26288D5D00369305 /* Build configuration list for PBXNativeTarget "SwiftUIUnitTestDemoTests" */;
			buildPhases = (
				24E6870226288D5D00369305 /* Sources */,
				24E6870326288D5D00369305 /* Frameworks */,
				24E6870426288D5D00369305 /* Resources */,
			);
			buildRules = (
			);
			dependencies = (
				24E6870C26288D5D00369305 /* PBXTargetDependency */,
			);
			name = SwiftUIUnitTestDemoTests;
			productName = SwiftUIUnitTestDemoTests;
			productReference = 24E6870626288D5D00369305 /* SwiftUIUnitTestDemoTests.xctest */;
			productType = "com.apple.product-type.bundle.unit-test";
		};
/* End PBXNativeTarget section */

/* Begin PBXProject section */
		244FEEE62626080900887D29 /* Project object */ = {
			isa = PBXProject;
			attributes = {
				LastSwiftUpdateCheck = 1240;
				LastUpgradeCheck = 1240;
				TargetAttributes = {
					244FEEED2626080900887D29 = {
						CreatedOnToolsVersion = 12.4;
					};
					24E6870526288D5D00369305 = {
						CreatedOnToolsVersion = 12.4;
						TestTargetID = 244FEEED2626080900887D29;
					};
				};
			};
			buildConfigurationList = 244FEEE92626080900887D29 /* Build configuration list for PBXProject "SwiftUIUnitTestDemo" */;
			compatibilityVersion = "Xcode 9.3";
			developmentRegion = en;
			hasScannedForEncodings = 0;
			knownRegions = (
				en,
				Base,
			);
			mainGroup = 244FEEE52626080900887D29;
			packageReferences = (
			);
			productRefGroup = 244FEEEF2626080900887D29 /* Products */;
			projectDirPath = "";
			projectRoot = "";
			targets = (
				244FEEED2626080900887D29 /* SwiftUIUnitTestDemo */,
				24E6870526288D5D00369305 /* SwiftUIUnitTestDemoTests */,
			);
		};
/* End PBXProject section */

/* Begin PBXResourcesBuildPhase section */
		244FEEEC2626080900887D29 /* Resources */ = {
			isa = PBXResourcesBuildPhase;
			buildActionMask = 2147483647;
			files = (
				244FEEF92626080A00887D29 /* Preview Assets.xcassets in Resources */,
				244FEEF62626080A00887D29 /* Assets.xcassets in Resources */,
			);
			runOnlyForDeploymentPostprocessing = 0;
		};
		24E6870426288D5D00369305 /* Resources */ = {
			isa = PBXResourcesBuildPhase;
			buildActionMask = 2147483647;
			files = (
			);
			runOnlyForDeploymentPostprocessing = 0;
		};
/* End PBXResourcesBuildPhase section */

/* Begin PBXSourcesBuildPhase section */
		244FEEEA2626080900887D29 /* Sources */ = {
			isa = PBXSourcesBuildPhase;
			buildActionMask = 2147483647;
			files = (
				249787CA2628790B006CA044 /* ContentView.swift in Sources */,
				244FEF2C2626086700887D29 /* MyAccountViewModel.swift in Sources */,
				244FEF312626089100887D29 /* MockEntities.swift in Sources */,
				249787D126287CE1006CA044 /* SwiftUIUnitTestDemoApp.swift in Sources */,
				244FEF242626084900887D29 /* MockEntity.swift in Sources */,
			);
			runOnlyForDeploymentPostprocessing = 0;
		};
		24E6870226288D5D00369305 /* Sources */ = {
			isa = PBXSourcesBuildPhase;
			buildActionMask = 2147483647;
			files = (
				24E6870926288D5D00369305 /* SwiftUIUnitTestDemoTests.swift in Sources */,
			);
			runOnlyForDeploymentPostprocessing = 0;
		};
/* End PBXSourcesBuildPhase section */

/* Begin PBXTargetDependency section */
		24E6870C26288D5D00369305 /* PBXTargetDependency */ = {
			isa = PBXTargetDependency;
			target = 244FEEED2626080900887D29 /* SwiftUIUnitTestDemo */;
			targetProxy = 24E6870B26288D5D00369305 /* PBXContainerItemProxy */;
		};
/* End PBXTargetDependency section */

/* Begin XCBuildConfiguration section */
		244FEF112626080B00887D29 /* Debug */ = {
			isa = XCBuildConfiguration;
			buildSettings = {
				ALWAYS_SEARCH_USER_PATHS = NO;
				CLANG_ANALYZER_NONNULL = YES;
				CLANG_ANALYZER_NUMBER_OBJECT_CONVERSION = YES_AGGRESSIVE;
				CLANG_CXX_LANGUAGE_STANDARD = "gnu++14";
				CLANG_CXX_LIBRARY = "libc++";
				CLANG_ENABLE_MODULES = YES;
				CLANG_ENABLE_OBJC_ARC = YES;
				CLANG_ENABLE_OBJC_WEAK = YES;
				CLANG_WARN_BLOCK_CAPTURE_AUTORELEASING = YES;
				CLANG_WARN_BOOL_CONVERSION = YES;
				CLANG_WARN_COMMA = YES;
				CLANG_WARN_CONSTANT_CONVERSION = YES;
				CLANG_WARN_DEPRECATED_OBJC_IMPLEMENTATIONS = YES;
				CLANG_WARN_DIRECT_OBJC_ISA_USAGE = YES_ERROR;
				CLANG_WARN_DOCUMENTATION_COMMENTS = YES;
				CLANG_WARN_EMPTY_BODY = YES;
				CLANG_WARN_ENUM_CONVERSION = YES;
				CLANG_WARN_INFINITE_RECURSION = YES;
				CLANG_WARN_INT_CONVERSION = YES;
				CLANG_WARN_NON_LITERAL_NULL_CONVERSION = YES;
				CLANG_WARN_OBJC_IMPLICIT_RETAIN_SELF = YES;
				CLANG_WARN_OBJC_LITERAL_CONVERSION = YES;
				CLANG_WARN_OBJC_ROOT_CLASS = YES_ERROR;
				CLANG_WARN_QUOTED_INCLUDE_IN_FRAMEWORK_HEADER = YES;
				CLANG_WARN_RANGE_LOOP_ANALYSIS = YES;
				CLANG_WARN_STRICT_PROTOTYPES = YES;
				CLANG_WARN_SUSPICIOUS_MOVE = YES;
				CLANG_WARN_UNGUARDED_AVAILABILITY = YES_AGGRESSIVE;
				CLANG_WARN_UNREACHABLE_CODE = YES;
				CLANG_WARN__DUPLICATE_METHOD_MATCH = YES;
				COPY_PHASE_STRIP = NO;
				DEBUG_INFORMATION_FORMAT = dwarf;
				ENABLE_STRICT_OBJC_MSGSEND = YES;
				ENABLE_TESTABILITY = YES;
				ENABLE_TESTING_SEARCH_PATHS = NO;
				GCC_C_LANGUAGE_STANDARD = gnu11;
				GCC_DYNAMIC_NO_PIC = NO;
				GCC_NO_COMMON_BLOCKS = YES;
				GCC_OPTIMIZATION_LEVEL = 0;
				GCC_PREPROCESSOR_DEFINITIONS = (
					"DEBUG=1",
					"$(inherited)",
				);
				GCC_WARN_64_TO_32_BIT_CONVERSION = YES;
				GCC_WARN_ABOUT_RETURN_TYPE = YES_ERROR;
				GCC_WARN_UNDECLARED_SELECTOR = YES;
				GCC_WARN_UNINITIALIZED_AUTOS = YES_AGGRESSIVE;
				GCC_WARN_UNUSED_FUNCTION = YES;
				GCC_WARN_UNUSED_VARIABLE = YES;
				IPHONEOS_DEPLOYMENT_TARGET = 14.4;
				MTL_ENABLE_DEBUG_INFO = INCLUDE_SOURCE;
				MTL_FAST_MATH = YES;
				ONLY_ACTIVE_ARCH = YES;
				SDKROOT = iphoneos;
				SWIFT_ACTIVE_COMPILATION_CONDITIONS = DEBUG;
				SWIFT_OPTIMIZATION_LEVEL = "-Onone";
			};
			name = Debug;
		};
		244FEF122626080B00887D29 /* Release */ = {
			isa = XCBuildConfiguration;
			buildSettings = {
				ALWAYS_SEARCH_USER_PATHS = NO;
				CLANG_ANALYZER_NONNULL = YES;
				CLANG_ANALYZER_NUMBER_OBJECT_CONVERSION = YES_AGGRESSIVE;
				CLANG_CXX_LANGUAGE_STANDARD = "gnu++14";
				CLANG_CXX_LIBRARY = "libc++";
				CLANG_ENABLE_MODULES = YES;
				CLANG_ENABLE_OBJC_ARC = YES;
				CLANG_ENABLE_OBJC_WEAK = YES;
				CLANG_WARN_BLOCK_CAPTURE_AUTORELEASING = YES;
				CLANG_WARN_BOOL_CONVERSION = YES;
				CLANG_WARN_COMMA = YES;
				CLANG_WARN_CONSTANT_CONVERSION = YES;
				CLANG_WARN_DEPRECATED_OBJC_IMPLEMENTATIONS = YES;
				CLANG_WARN_DIRECT_OBJC_ISA_USAGE = YES_ERROR;
				CLANG_WARN_DOCUMENTATION_COMMENTS = YES;
				CLANG_WARN_EMPTY_BODY = YES;
				CLANG_WARN_ENUM_CONVERSION = YES;
				CLANG_WARN_INFINITE_RECURSION = YES;
				CLANG_WARN_INT_CONVERSION = YES;
				CLANG_WARN_NON_LITERAL_NULL_CONVERSION = YES;
				CLANG_WARN_OBJC_IMPLICIT_RETAIN_SELF = YES;
				CLANG_WARN_OBJC_LITERAL_CONVERSION = YES;
				CLANG_WARN_OBJC_ROOT_CLASS = YES_ERROR;
				CLANG_WARN_QUOTED_INCLUDE_IN_FRAMEWORK_HEADER = YES;
				CLANG_WARN_RANGE_LOOP_ANALYSIS = YES;
				CLANG_WARN_STRICT_PROTOTYPES = YES;
				CLANG_WARN_SUSPICIOUS_MOVE = YES;
				CLANG_WARN_UNGUARDED_AVAILABILITY = YES_AGGRESSIVE;
				CLANG_WARN_UNREACHABLE_CODE = YES;
				CLANG_WARN__DUPLICATE_METHOD_MATCH = YES;
				COPY_PHASE_STRIP = NO;
				DEBUG_INFORMATION_FORMAT = "dwarf-with-dsym";
				ENABLE_NS_ASSERTIONS = NO;
				ENABLE_STRICT_OBJC_MSGSEND = YES;
				ENABLE_TESTING_SEARCH_PATHS = NO;
				GCC_C_LANGUAGE_STANDARD = gnu11;
				GCC_NO_COMMON_BLOCKS = YES;
				GCC_WARN_64_TO_32_BIT_CONVERSION = YES;
				GCC_WARN_ABOUT_RETURN_TYPE = YES_ERROR;
				GCC_WARN_UNDECLARED_SELECTOR = YES;
				GCC_WARN_UNINITIALIZED_AUTOS = YES_AGGRESSIVE;
				GCC_WARN_UNUSED_FUNCTION = YES;
				GCC_WARN_UNUSED_VARIABLE = YES;
				IPHONEOS_DEPLOYMENT_TARGET = 14.4;
				MTL_ENABLE_DEBUG_INFO = NO;
				MTL_FAST_MATH = YES;
				SDKROOT = iphoneos;
				SWIFT_COMPILATION_MODE = wholemodule;
				SWIFT_OPTIMIZATION_LEVEL = "-O";
				VALIDATE_PRODUCT = YES;
			};
			name = Release;
		};
		244FEF142626080B00887D29 /* Debug */ = {
			isa = XCBuildConfiguration;
			buildSettings = {
				ASSETCATALOG_COMPILER_APPICON_NAME = AppIcon;
				ASSETCATALOG_COMPILER_GLOBAL_ACCENT_COLOR_NAME = AccentColor;
				CODE_SIGN_STYLE = Automatic;
				DEVELOPMENT_ASSET_PATHS = "SwiftUIUnitTestDemo/Preview\\ Content";
				DEVELOPMENT_TEAM = 65A5L7427Y;
				ENABLE_PREVIEWS = YES;
				ENABLE_TESTABILITY = YES;
				ENABLE_TESTING_SEARCH_PATHS = YES;
				INFOPLIST_FILE = SwiftUIUnitTestDemo/Info.plist;
				IPHONEOS_DEPLOYMENT_TARGET = 14.0;
				LD_RUNPATH_SEARCH_PATHS = (
					"$(inherited)",
					"@executable_path/Frameworks",
				);
				PRODUCT_BUNDLE_IDENTIFIER = Capco.SwiftUIUnitTestDemo;
				PRODUCT_NAME = "$(TARGET_NAME)";
				SWIFT_VERSION = 5.0;
				TARGETED_DEVICE_FAMILY = "1,2";
			};
			name = Debug;
		};
		244FEF152626080B00887D29 /* Release */ = {
			isa = XCBuildConfiguration;
			buildSettings = {
				ASSETCATALOG_COMPILER_APPICON_NAME = AppIcon;
				ASSETCATALOG_COMPILER_GLOBAL_ACCENT_COLOR_NAME = AccentColor;
				CODE_SIGN_STYLE = Automatic;
				DEVELOPMENT_ASSET_PATHS = "SwiftUIUnitTestDemo/Preview\\ Content";
				DEVELOPMENT_TEAM = 65A5L7427Y;
				ENABLE_PREVIEWS = YES;
				ENABLE_TESTABILITY = YES;
				ENABLE_TESTING_SEARCH_PATHS = YES;
				INFOPLIST_FILE = SwiftUIUnitTestDemo/Info.plist;
				IPHONEOS_DEPLOYMENT_TARGET = 14.0;
				LD_RUNPATH_SEARCH_PATHS = (
					"$(inherited)",
					"@executable_path/Frameworks",
				);
				PRODUCT_BUNDLE_IDENTIFIER = Capco.SwiftUIUnitTestDemo;
				PRODUCT_NAME = "$(TARGET_NAME)";
				SWIFT_VERSION = 5.0;
				TARGETED_DEVICE_FAMILY = "1,2";
			};
			name = Release;
		};
		24E6870E26288D5D00369305 /* Debug */ = {
			isa = XCBuildConfiguration;
			buildSettings = {
				BUNDLE_LOADER = "$(TEST_HOST)";
				CODE_SIGN_STYLE = Automatic;
				DEVELOPMENT_TEAM = 65A5L7427Y;
				INFOPLIST_FILE = SwiftUIUnitTestDemoTests/Info.plist;
				LD_RUNPATH_SEARCH_PATHS = (
					"$(inherited)",
					"@executable_path/Frameworks",
					"@loader_path/Frameworks",
				);
				PRODUCT_BUNDLE_IDENTIFIER = Capco.SwiftUIUnitTestDemoTests;
				PRODUCT_NAME = "$(TARGET_NAME)";
				SWIFT_VERSION = 5.0;
				TARGETED_DEVICE_FAMILY = "1,2";
				TEST_HOST = "$(BUILT_PRODUCTS_DIR)/SwiftUIUnitTestDemo.app/SwiftUIUnitTestDemo";
			};
			name = Debug;
		};
		24E6870F26288D5D00369305 /* Release */ = {
			isa = XCBuildConfiguration;
			buildSettings = {
				BUNDLE_LOADER = "$(TEST_HOST)";
				CODE_SIGN_STYLE = Automatic;
				DEVELOPMENT_TEAM = 65A5L7427Y;
				INFOPLIST_FILE = SwiftUIUnitTestDemoTests/Info.plist;
				LD_RUNPATH_SEARCH_PATHS = (
					"$(inherited)",
					"@executable_path/Frameworks",
					"@loader_path/Frameworks",
				);
				PRODUCT_BUNDLE_IDENTIFIER = Capco.SwiftUIUnitTestDemoTests;
				PRODUCT_NAME = "$(TARGET_NAME)";
				SWIFT_VERSION = 5.0;
				TARGETED_DEVICE_FAMILY = "1,2";
				TEST_HOST = "$(BUILT_PRODUCTS_DIR)/SwiftUIUnitTestDemo.app/SwiftUIUnitTestDemo";
			};
			name = Release;
		};
/* End XCBuildConfiguration section */

/* Begin XCConfigurationList section */
		244FEEE92626080900887D29 /* Build configuration list for PBXProject "SwiftUIUnitTestDemo" */ = {
			isa = XCConfigurationList;
			buildConfigurations = (
				244FEF112626080B00887D29 /* Debug */,
				244FEF122626080B00887D29 /* Release */,
			);
			defaultConfigurationIsVisible = 0;
			defaultConfigurationName = Release;
		};
		244FEF132626080B00887D29 /* Build configuration list for PBXNativeTarget "SwiftUIUnitTestDemo" */ = {
			isa = XCConfigurationList;
			buildConfigurations = (
				244FEF142626080B00887D29 /* Debug */,
				244FEF152626080B00887D29 /* Release */,
			);
			defaultConfigurationIsVisible = 0;
			defaultConfigurationName = Release;
		};
		24E6870D26288D5D00369305 /* Build configuration list for PBXNativeTarget "SwiftUIUnitTestDemoTests" */ = {
			isa = XCConfigurationList;
			buildConfigurations = (
				24E6870E26288D5D00369305 /* Debug */,
				24E6870F26288D5D00369305 /* Release */,
			);
			defaultConfigurationIsVisible = 0;
			defaultConfigurationName = Release;
		};
/* End XCConfigurationList section */
	};
	rootObject = 244FEEE62626080900887D29 /* Project object */;
}
